
Microsoft Visual Studio Solution File, Format Version 12.00
# Visual Studio Version 17
VisualStudioVersion = 17.14.36414.22 d17.14
MinimumVisualStudioVersion = 10.0.40219.1
Project("{FAE04EC0-301F-11D3-BF4B-00C04F79EFBC}") = "FileChecker.Forms", "FileChecker.Forms\FileChecker.Forms.csproj", "{4D007FCE-090A-4497-ACF3-F9DA4CA032F0}"
EndProject
Project("{FAE04EC0-301F-11D3-BF4B-00C04F79EFBC}") = "FileChecker.Data", "FileChecker.Data\FileChecker.Data.csproj", "{9C29B242-CC8A-4CB1-9FF8-9CD54BEDDBE5}"
EndProject
Project("{FAE04EC0-301F-11D3-BF4B-00C04F79EFBC}") = "FileChecker.Core", "FileChecker.Core\FileChecker.Core.csproj", "{7D63400B-6A78-4B87-A764-4D3FFDCFB18F}"
EndProject
Global
	GlobalSection(SolutionConfigurationPlatforms) = preSolution
		Debug|Any CPU = Debug|Any CPU
		Release|Any CPU = Release|Any CPU
	EndGlobalSection
	GlobalSection(ProjectConfigurationPlatforms) = postSolution
		{4D007FCE-090A-4497-ACF3-F9DA4CA032F0}.Debug|Any CPU.ActiveCfg = Debug|Any CPU
		{4D007FCE-090A-4497-ACF3-F9DA4CA032F0}.Debug|Any CPU.Build.0 = Debug|Any CPU
		{4D007FCE-090A-4497-ACF3-F9DA4CA032F0}.Release|Any CPU.ActiveCfg = Release|Any CPU
		{4D007FCE-090A-4497-ACF3-F9DA4CA032F0}.Release|Any CPU.Build.0 = Release|Any CPU
		{9C29B242-CC8A-4CB1-9FF8-9CD54BEDDBE5}.Debug|Any CPU.ActiveCfg = Debug|Any CPU
		{9C29B242-CC8A-4CB1-9FF8-9CD54BEDDBE5}.Debug|Any CPU.Build.0 = Debug|Any CPU
		{9C29B242-CC8A-4CB1-9FF8-9CD54BEDDBE5}.Release|Any CPU.ActiveCfg = Release|Any CPU
		{9C29B242-CC8A-4CB1-9FF8-9CD54BEDDBE5}.Release|Any CPU.Build.0 = Release|Any CPU
		{7D63400B-6A78-4B87-A764-4D3FFDCFB18F}.Debug|Any CPU.ActiveCfg = Debug|Any CPU
		{7D63400B-6A78-4B87-A764-4D3FFDCFB18F}.Debug|Any CPU.Build.0 = Debug|Any CPU
		{7D63400B-6A78-4B87-A764-4D3FFDCFB18F}.Release|Any CPU.ActiveCfg = Release|Any CPU
		{7D63400B-6A78-4B87-A764-4D3FFDCFB18F}.Release|Any CPU.Build.0 = Release|Any CPU
	EndGlobalSection
	GlobalSection(SolutionProperties) = preSolution
		HideSolutionNode = FALSE
	EndGlobalSection
	GlobalSection(ExtensibilityGlobals) = postSolution
		SolutionGuid = {CD462AA0-5FCE-4FD2-BB1E-5BACF364583B}
	EndGlobalSection
EndGlobal
